
Microsoft Visual Studio Solution File, Format Version 12.00
# Visual Studio Version 16
VisualStudioVersion = 16.0.30104.148
MinimumVisualStudioVersion = 10.0.40219.1
Project("{FAE04EC0-301F-11D3-BF4B-00C04F79EFBC}") = "TwitchChat_bckEnd", "TwitchChat_bckEnd.csproj", "{36355B91-097A-4534-A73E-0FA8657B4C9E}"
EndProject
Global
	GlobalSection(SolutionConfigurationPlatforms) = preSolution
		Debug|Any CPU = Debug|Any CPU
		Release|Any CPU = Release|Any CPU
	EndGlobalSection
	GlobalSection(ProjectConfigurationPlatforms) = postSolution
		{36355B91-097A-4534-A73E-0FA8657B4C9E}.Debug|Any CPU.ActiveCfg = Debug|Any CPU
		{36355B91-097A-4534-A73E-0FA8657B4C9E}.Debug|Any CPU.Build.0 = Debug|Any CPU
		{36355B91-097A-4534-A73E-0FA8657B4C9E}.Release|Any CPU.ActiveCfg = Release|Any CPU
		{36355B91-097A-4534-A73E-0FA8657B4C9E}.Release|Any CPU.Build.0 = Release|Any CPU
	EndGlobalSection
	GlobalSection(SolutionProperties) = preSolution
		HideSolutionNode = FALSE
	EndGlobalSection
	GlobalSection(ExtensibilityGlobals) = postSolution
		SolutionGuid = {5BF65177-11D7-40F1-A0CF-5783332C6E2A}
	EndGlobalSection
EndGlobal
